
Microsoft Visual Studio Solution File, Format Version 12.00
# Visual Studio Version 16
VisualStudioVersion = 16.0.32126.315
MinimumVisualStudioVersion = 10.0.40219.1
Project("{FAE04EC0-301F-11D3-BF4B-00C04F79EFBC}") = "BLOG", "BLOG.csproj", "{62B2FA70-F947-450B-B2A0-34C6FE55B57B}"
EndProject
Project("{FAE04EC0-301F-11D3-BF4B-00C04F79EFBC}") = "EntityLayer", "..\EntityLayer\EntityLayer.csproj", "{C252627F-9583-4496-9490-047B28D07A71}"
EndProject
Project("{FAE04EC0-301F-11D3-BF4B-00C04F79EFBC}") = "DataAccessLayer", "..\DataAccessLayer\DataAccessLayer.csproj", "{6A4245EA-2D45-43CC-AC9D-70DFFA1F3C0D}"
EndProject
Project("{FAE04EC0-301F-11D3-BF4B-00C04F79EFBC}") = "BusinnessLayer", "..\BusinnessLayer\BusinnessLayer.csproj", "{AF3D2F1F-F23B-4C31-A939-48F50AFC30B6}"
EndProject
Global
	GlobalSection(SolutionConfigurationPlatforms) = preSolution
		Debug|Any CPU = Debug|Any CPU
		Release|Any CPU = Release|Any CPU
	EndGlobalSection
	GlobalSection(ProjectConfigurationPlatforms) = postSolution
		{62B2FA70-F947-450B-B2A0-34C6FE55B57B}.Debug|Any CPU.ActiveCfg = Debug|Any CPU
		{62B2FA70-F947-450B-B2A0-34C6FE55B57B}.Debug|Any CPU.Build.0 = Debug|Any CPU
		{62B2FA70-F947-450B-B2A0-34C6FE55B57B}.Release|Any CPU.ActiveCfg = Release|Any CPU
		{62B2FA70-F947-450B-B2A0-34C6FE55B57B}.Release|Any CPU.Build.0 = Release|Any CPU
		{C252627F-9583-4496-9490-047B28D07A71}.Debug|Any CPU.ActiveCfg = Debug|Any CPU
		{C252627F-9583-4496-9490-047B28D07A71}.Debug|Any CPU.Build.0 = Debug|Any CPU
		{C252627F-9583-4496-9490-047B28D07A71}.Release|Any CPU.ActiveCfg = Release|Any CPU
		{C252627F-9583-4496-9490-047B28D07A71}.Release|Any CPU.Build.0 = Release|Any CPU
		{6A4245EA-2D45-43CC-AC9D-70DFFA1F3C0D}.Debug|Any CPU.ActiveCfg = Debug|Any CPU
		{6A4245EA-2D45-43CC-AC9D-70DFFA1F3C0D}.Debug|Any CPU.Build.0 = Debug|Any CPU
		{6A4245EA-2D45-43CC-AC9D-70DFFA1F3C0D}.Release|Any CPU.ActiveCfg = Release|Any CPU
		{6A4245EA-2D45-43CC-AC9D-70DFFA1F3C0D}.Release|Any CPU.Build.0 = Release|Any CPU
		{AF3D2F1F-F23B-4C31-A939-48F50AFC30B6}.Debug|Any CPU.ActiveCfg = Debug|Any CPU
		{AF3D2F1F-F23B-4C31-A939-48F50AFC30B6}.Debug|Any CPU.Build.0 = Debug|Any CPU
		{AF3D2F1F-F23B-4C31-A939-48F50AFC30B6}.Release|Any CPU.ActiveCfg = Release|Any CPU
		{AF3D2F1F-F23B-4C31-A939-48F50AFC30B6}.Release|Any CPU.Build.0 = Release|Any CPU
	EndGlobalSection
	GlobalSection(SolutionProperties) = preSolution
		HideSolutionNode = FALSE
	EndGlobalSection
	GlobalSection(ExtensibilityGlobals) = postSolution
		SolutionGuid = {F5B42993-13CD-4684-931D-F474757A72D0}
	EndGlobalSection
EndGlobal
